
Microsoft Visual Studio Solution File, Format Version 12.00
# Visual Studio Version 17
VisualStudioVersion = 17.14.36414.22
MinimumVisualStudioVersion = 10.0.40219.1
Project("{FAE04EC0-301F-11D3-BF4B-00C04F79EFBC}") = "DirectoryScannerApp", "spp-lab-3\DirectoryScannerApp.csproj", "{C0C29112-DEBE-48E8-825B-BF14C86D8153}"
EndProject
Project("{FAE04EC0-301F-11D3-BF4B-00C04F79EFBC}") = "DirectoryScannerLib", "DirectoryScannerLib\DirectoryScannerLib\DirectoryScannerLib.csproj", "{98D8C48D-A596-42BB-A68E-54C633105A07}"
EndProject
Project("{FAE04EC0-301F-11D3-BF4B-00C04F79EFBC}") = "DirectoryScannerTests", "DirectoryScannerTests\DirectoryScannerTests.csproj", "{35E22EF6-80E7-4C7D-AB5F-4AD5381F4038}"
EndProject
Global
	GlobalSection(SolutionConfigurationPlatforms) = preSolution
		Debug|Any CPU = Debug|Any CPU
		Release|Any CPU = Release|Any CPU
	EndGlobalSection
	GlobalSection(ProjectConfigurationPlatforms) = postSolution
		{C0C29112-DEBE-48E8-825B-BF14C86D8153}.Debug|Any CPU.ActiveCfg = Debug|Any CPU
		{C0C29112-DEBE-48E8-825B-BF14C86D8153}.Debug|Any CPU.Build.0 = Debug|Any CPU
		{C0C29112-DEBE-48E8-825B-BF14C86D8153}.Release|Any CPU.ActiveCfg = Release|Any CPU
		{C0C29112-DEBE-48E8-825B-BF14C86D8153}.Release|Any CPU.Build.0 = Release|Any CPU
		{98D8C48D-A596-42BB-A68E-54C633105A07}.Debug|Any CPU.ActiveCfg = Debug|Any CPU
		{98D8C48D-A596-42BB-A68E-54C633105A07}.Debug|Any CPU.Build.0 = Debug|Any CPU
		{98D8C48D-A596-42BB-A68E-54C633105A07}.Release|Any CPU.ActiveCfg = Release|Any CPU
		{98D8C48D-A596-42BB-A68E-54C633105A07}.Release|Any CPU.Build.0 = Release|Any CPU
		{35E22EF6-80E7-4C7D-AB5F-4AD5381F4038}.Debug|Any CPU.ActiveCfg = Debug|Any CPU
		{35E22EF6-80E7-4C7D-AB5F-4AD5381F4038}.Debug|Any CPU.Build.0 = Debug|Any CPU
		{35E22EF6-80E7-4C7D-AB5F-4AD5381F4038}.Release|Any CPU.ActiveCfg = Release|Any CPU
		{35E22EF6-80E7-4C7D-AB5F-4AD5381F4038}.Release|Any CPU.Build.0 = Release|Any CPU
	EndGlobalSection
	GlobalSection(SolutionProperties) = preSolution
		HideSolutionNode = FALSE
	EndGlobalSection
	GlobalSection(ExtensibilityGlobals) = postSolution
		SolutionGuid = {9BF50ECF-C996-42A1-8404-102859EBF4BB}
	EndGlobalSection
EndGlobal
